{
  "name": "slackdiscord",
  "version": "1.0.0",
  "lockfileVersion": 2,
  "requires": true,
  "packages": {
    "": {
      "name": "slackdiscord",
      "version": "1.0.0",
      "license": "ISC",
      "dependencies": {
        "autolinker": "^3.15.0",
        "moment": "^2.29.3",
        "short-unique-id": "^4.4.4"
      }
    },
    "node_modules/autolinker": {
      "version": "3.15.0",
      "resolved": "https://registry.npmjs.org/autolinker/-/autolinker-3.15.0.tgz",
      "integrity": "sha512-N/5Dk5AZnqL9k6kkHdFIGLm/0/rRuSnJwqYYhLCJjU7ZtiaJwCBzNTvjzy1zzJADngv/wvtHYcrPHytPnASeFA==",
      "dependencies": {
        "tslib": "^2.3.0"
      }
    },
    "node_modules/moment": {
      "version": "2.29.3",
      "resolved": "https://registry.npmjs.org/moment/-/moment-2.29.3.tgz",
      "integrity": "sha512-c6YRvhEo//6T2Jz/vVtYzqBzwvPT95JBQ+smCytzf7c50oMZRsR/a4w88aD34I+/QVSfnoAnSBFPJHItlOMJVw==",
      "engines": {
        "node": "*"
      }
    },
    "node_modules/short-unique-id": {
      "version": "4.4.4",
      "resolved": "https://registry.npmjs.org/short-unique-id/-/short-unique-id-4.4.4.tgz",
      "integrity": "sha512-oLF1NCmtbiTWl2SqdXZQbo5KM1b7axdp0RgQLq8qCBBLoq+o3A5wmLrNM6bZIh54/a8BJ3l69kTXuxwZ+XCYuw==",
      "bin": {
        "short-unique-id": "bin/short-unique-id",
        "suid": "bin/short-unique-id"
      }
    },
    "node_modules/tslib": {
      "version": "2.4.0",
      "resolved": "https://registry.npmjs.org/tslib/-/tslib-2.4.0.tgz",
      "integrity": "sha512-d6xOpEDfsi2CZVlPQzGeux8XMwLT9hssAsaPYExaQMuYskwb+x1x7J371tWlbBdWHroy99KnVB6qIkUbs5X3UQ=="
    }
  },
  "dependencies": {
    "autolinker": {
      "version": "3.15.0",
      "resolved": "https://registry.npmjs.org/autolinker/-/autolinker-3.15.0.tgz",
      "integrity": "sha512-N/5Dk5AZnqL9k6kkHdFIGLm/0/rRuSnJwqYYhLCJjU7ZtiaJwCBzNTvjzy1zzJADngv/wvtHYcrPHytPnASeFA==",
      "requires": {
        "tslib": "^2.3.0"
      }
    },
    "moment": {
      "version": "2.29.3",
      "resolved": "https://registry.npmjs.org/moment/-/moment-2.29.3.tgz",
      "integrity": "sha512-c6YRvhEo//6T2Jz/vVtYzqBzwvPT95JBQ+smCytzf7c50oMZRsR/a4w88aD34I+/QVSfnoAnSBFPJHItlOMJVw=="
    },
    "short-unique-id": {
      "version": "4.4.4",
      "resolved": "https://registry.npmjs.org/short-unique-id/-/short-unique-id-4.4.4.tgz",
      "integrity": "sha512-oLF1NCmtbiTWl2SqdXZQbo5KM1b7axdp0RgQLq8qCBBLoq+o3A5wmLrNM6bZIh54/a8BJ3l69kTXuxwZ+XCYuw=="
    },
    "tslib": {
      "version": "2.4.0",
      "resolved": "https://registry.npmjs.org/tslib/-/tslib-2.4.0.tgz",
      "integrity": "sha512-d6xOpEDfsi2CZVlPQzGeux8XMwLT9hssAsaPYExaQMuYskwb+x1x7J371tWlbBdWHroy99KnVB6qIkUbs5X3UQ=="
    }
  }
}
